
Microsoft Visual Studio Solution File, Format Version 12.00
# Visual Studio 14
VisualStudioVersion = 14.0.25123.0
MinimumVisualStudioVersion = 10.0.40219.1
Project("{FAE04EC0-301F-11D3-BF4B-00C04F79EFBC}") = "PhoneWord.Droid", "PhoneWord\PhoneWord.Droid\PhoneWord.Droid.csproj", "{88212870-41CD-4B26-9756-BB1A8DB78395}"
EndProject
Project("{FAE04EC0-301F-11D3-BF4B-00C04F79EFBC}") = "PhoneWord.iOS", "PhoneWord\PhoneWord.iOS\PhoneWord.iOS.csproj", "{7FDEC3CC-1E7F-4FCD-BF34-A74B8B850B01}"
EndProject
Project("{FAE04EC0-301F-11D3-BF4B-00C04F79EFBC}") = "PhoneWord.WinPhone", "PhoneWord\PhoneWord.WinPhone\PhoneWord.WinPhone.csproj", "{23FA6238-58FD-47FA-A193-94D748B65AC5}"
EndProject
Project("{FAE04EC0-301F-11D3-BF4B-00C04F79EFBC}") = "PhoneWord.UWP", "PhoneWord\PhoneWord.UWP\PhoneWord.UWP.csproj", "{1A0C4DD1-2A2D-42B9-B528-0B040BE10D50}"
EndProject
Project("{FAE04EC0-301F-11D3-BF4B-00C04F79EFBC}") = "PhoneWord.Windows", "PhoneWord\PhoneWord.Windows\PhoneWord.Windows.csproj", "{96EDB94A-3442-4981-B556-EFCDAF1C6F48}"
EndProject
Project("{FAE04EC0-301F-11D3-BF4B-00C04F79EFBC}") = "PhoneWord", "PhoneWord\PhoneWord\PhoneWord.csproj", "{918166B5-613C-4532-BC05-B1A69B414248}"
EndProject
Global
	GlobalSection(SolutionConfigurationPlatforms) = preSolution
		Ad-Hoc|Any CPU = Ad-Hoc|Any CPU
		Ad-Hoc|ARM = Ad-Hoc|ARM
		Ad-Hoc|iPhone = Ad-Hoc|iPhone
		Ad-Hoc|iPhoneSimulator = Ad-Hoc|iPhoneSimulator
		Ad-Hoc|x64 = Ad-Hoc|x64
		Ad-Hoc|x86 = Ad-Hoc|x86
		AppStore|Any CPU = AppStore|Any CPU
		AppStore|ARM = AppStore|ARM
		AppStore|iPhone = AppStore|iPhone
		AppStore|iPhoneSimulator = AppStore|iPhoneSimulator
		AppStore|x64 = AppStore|x64
		AppStore|x86 = AppStore|x86
		Debug|Any CPU = Debug|Any CPU
		Debug|ARM = Debug|ARM
		Debug|iPhone = Debug|iPhone
		Debug|iPhoneSimulator = Debug|iPhoneSimulator
		Debug|x64 = Debug|x64
		Debug|x86 = Debug|x86
		Release|Any CPU = Release|Any CPU
		Release|ARM = Release|ARM
		Release|iPhone = Release|iPhone
		Release|iPhoneSimulator = Release|iPhoneSimulator
		Release|x64 = Release|x64
		Release|x86 = Release|x86
	EndGlobalSection
	GlobalSection(ProjectConfigurationPlatforms) = postSolution
		{88212870-41CD-4B26-9756-BB1A8DB78395}.Ad-Hoc|Any CPU.ActiveCfg = Release|Any CPU
		{88212870-41CD-4B26-9756-BB1A8DB78395}.Ad-Hoc|Any CPU.Build.0 = Release|Any CPU
		{88212870-41CD-4B26-9756-BB1A8DB78395}.Ad-Hoc|Any CPU.Deploy.0 = Release|Any CPU
		{88212870-41CD-4B26-9756-BB1A8DB78395}.Ad-Hoc|ARM.ActiveCfg = Release|Any CPU
		{88212870-41CD-4B26-9756-BB1A8DB78395}.Ad-Hoc|ARM.Build.0 = Release|Any CPU
		{88212870-41CD-4B26-9756-BB1A8DB78395}.Ad-Hoc|ARM.Deploy.0 = Release|Any CPU
		{88212870-41CD-4B26-9756-BB1A8DB78395}.Ad-Hoc|iPhone.ActiveCfg = Release|Any CPU
		{88212870-41CD-4B26-9756-BB1A8DB78395}.Ad-Hoc|iPhone.Build.0 = Release|Any CPU
		{88212870-41CD-4B26-9756-BB1A8DB78395}.Ad-Hoc|iPhone.Deploy.0 = Release|Any CPU
		{88212870-41CD-4B26-9756-BB1A8DB78395}.Ad-Hoc|iPhoneSimulator.ActiveCfg = Release|Any CPU
		{88212870-41CD-4B26-9756-BB1A8DB78395}.Ad-Hoc|iPhoneSimulator.Build.0 = Release|Any CPU
		{88212870-41CD-4B26-9756-BB1A8DB78395}.Ad-Hoc|iPhoneSimulator.Deploy.0 = Release|Any CPU
		{88212870-41CD-4B26-9756-BB1A8DB78395}.Ad-Hoc|x64.ActiveCfg = Release|Any CPU
		{88212870-41CD-4B26-9756-BB1A8DB78395}.Ad-Hoc|x64.Build.0 = Release|Any CPU
		{88212870-41CD-4B26-9756-BB1A8DB78395}.Ad-Hoc|x64.Deploy.0 = Release|Any CPU
		{88212870-41CD-4B26-9756-BB1A8DB78395}.Ad-Hoc|x86.ActiveCfg = Release|Any CPU
		{88212870-41CD-4B26-9756-BB1A8DB78395}.Ad-Hoc|x86.Build.0 = Release|Any CPU
		{88212870-41CD-4B26-9756-BB1A8DB78395}.Ad-Hoc|x86.Deploy.0 = Release|Any CPU
		{88212870-41CD-4B26-9756-BB1A8DB78395}.AppStore|Any CPU.ActiveCfg = Release|Any CPU
		{88212870-41CD-4B26-9756-BB1A8DB78395}.AppStore|Any CPU.Build.0 = Release|Any CPU
		{88212870-41CD-4B26-9756-BB1A8DB78395}.AppStore|Any CPU.Deploy.0 = Release|Any CPU
		{88212870-41CD-4B26-9756-BB1A8DB78395}.AppStore|ARM.ActiveCfg = Release|Any CPU
		{88212870-41CD-4B26-9756-BB1A8DB78395}.AppStore|ARM.Build.0 = Release|Any CPU
		{88212870-41CD-4B26-9756-BB1A8DB78395}.AppStore|ARM.Deploy.0 = Release|Any CPU
		{88212870-41CD-4B26-9756-BB1A8DB78395}.AppStore|iPhone.ActiveCfg = Release|Any CPU
		{88212870-41CD-4B26-9756-BB1A8DB78395}.AppStore|iPhone.Build.0 = Release|Any CPU
		{88212870-41CD-4B26-9756-BB1A8DB78395}.AppStore|iPhone.Deploy.0 = Release|Any CPU
		{88212870-41CD-4B26-9756-BB1A8DB78395}.AppStore|iPhoneSimulator.ActiveCfg = Release|Any CPU
		{88212870-41CD-4B26-9756-BB1A8DB78395}.AppStore|iPhoneSimulator.Build.0 = Release|Any CPU
		{88212870-41CD-4B26-9756-BB1A8DB78395}.AppStore|iPhoneSimulator.Deploy.0 = Release|Any CPU
		{88212870-41CD-4B26-9756-BB1A8DB78395}.AppStore|x64.ActiveCfg = Release|Any CPU
		{88212870-41CD-4B26-9756-BB1A8DB78395}.AppStore|x64.Build.0 = Release|Any CPU
		{88212870-41CD-4B26-9756-BB1A8DB78395}.AppStore|x64.Deploy.0 = Release|Any CPU
		{88212870-41CD-4B26-9756-BB1A8DB78395}.AppStore|x86.ActiveCfg = Release|Any CPU
		{88212870-41CD-4B26-9756-BB1A8DB78395}.AppStore|x86.Build.0 = Release|Any CPU
		{88212870-41CD-4B26-9756-BB1A8DB78395}.AppStore|x86.Deploy.0 = Release|Any CPU
		{88212870-41CD-4B26-9756-BB1A8DB78395}.Debug|Any CPU.ActiveCfg = Debug|Any CPU
		{88212870-41CD-4B26-9756-BB1A8DB78395}.Debug|Any CPU.Build.0 = Debug|Any CPU
		{88212870-41CD-4B26-9756-BB1A8DB78395}.Debug|Any CPU.Deploy.0 = Debug|Any CPU
		{88212870-41CD-4B26-9756-BB1A8DB78395}.Debug|ARM.ActiveCfg = Debug|Any CPU
		{88212870-41CD-4B26-9756-BB1A8DB78395}.Debug|ARM.Build.0 = Debug|Any CPU
		{88212870-41CD-4B26-9756-BB1A8DB78395}.Debug|ARM.Deploy.0 = Debug|Any CPU
		{88212870-41CD-4B26-9756-BB1A8DB78395}.Debug|iPhone.ActiveCfg = Debug|Any CPU
		{88212870-41CD-4B26-9756-BB1A8DB78395}.Debug|iPhone.Build.0 = Debug|Any CPU
		{88212870-41CD-4B26-9756-BB1A8DB78395}.Debug|iPhone.Deploy.0 = Debug|Any CPU
		{88212870-41CD-4B26-9756-BB1A8DB78395}.Debug|iPhoneSimulator.ActiveCfg = Debug|Any CPU
		{88212870-41CD-4B26-9756-BB1A8DB78395}.Debug|iPhoneSimulator.Build.0 = Debug|Any CPU
		{88212870-41CD-4B26-9756-BB1A8DB78395}.Debug|iPhoneSimulator.Deploy.0 = Debug|Any CPU
		{88212870-41CD-4B26-9756-BB1A8DB78395}.Debug|x64.ActiveCfg = Debug|Any CPU
		{88212870-41CD-4B26-9756-BB1A8DB78395}.Debug|x64.Build.0 = Debug|Any CPU
		{88212870-41CD-4B26-9756-BB1A8DB78395}.Debug|x64.Deploy.0 = Debug|Any CPU
		{88212870-41CD-4B26-9756-BB1A8DB78395}.Debug|x86.ActiveCfg = Debug|Any CPU
		{88212870-41CD-4B26-9756-BB1A8DB78395}.Debug|x86.Build.0 = Debug|Any CPU
		{88212870-41CD-4B26-9756-BB1A8DB78395}.Debug|x86.Deploy.0 = Debug|Any CPU
		{88212870-41CD-4B26-9756-BB1A8DB78395}.Release|Any CPU.ActiveCfg = Release|Any CPU
		{88212870-41CD-4B26-9756-BB1A8DB78395}.Release|Any CPU.Build.0 = Release|Any CPU
		{88212870-41CD-4B26-9756-BB1A8DB78395}.Release|Any CPU.Deploy.0 = Release|Any CPU
		{88212870-41CD-4B26-9756-BB1A8DB78395}.Release|ARM.ActiveCfg = Release|Any CPU
		{88212870-41CD-4B26-9756-BB1A8DB78395}.Release|ARM.Build.0 = Release|Any CPU
		{88212870-41CD-4B26-9756-BB1A8DB78395}.Release|ARM.Deploy.0 = Release|Any CPU
		{88212870-41CD-4B26-9756-BB1A8DB78395}.Release|iPhone.ActiveCfg = Release|Any CPU
		{88212870-41CD-4B26-9756-BB1A8DB78395}.Release|iPhone.Build.0 = Release|Any CPU
		{88212870-41CD-4B26-9756-BB1A8DB78395}.Release|iPhone.Deploy.0 = Release|Any CPU
		{88212870-41CD-4B26-9756-BB1A8DB78395}.Release|iPhoneSimulator.ActiveCfg = Release|Any CPU
		{88212870-41CD-4B26-9756-BB1A8DB78395}.Release|iPhoneSimulator.Build.0 = Release|Any CPU
		{88212870-41CD-4B26-9756-BB1A8DB78395}.Release|iPhoneSimulator.Deploy.0 = Release|Any CPU
		{88212870-41CD-4B26-9756-BB1A8DB78395}.Release|x64.ActiveCfg = Release|Any CPU
		{88212870-41CD-4B26-9756-BB1A8DB78395}.Release|x64.Build.0 = Release|Any CPU
		{88212870-41CD-4B26-9756-BB1A8DB78395}.Release|x64.Deploy.0 = Release|Any CPU
		{88212870-41CD-4B26-9756-BB1A8DB78395}.Release|x86.ActiveCfg = Release|Any CPU
		{88212870-41CD-4B26-9756-BB1A8DB78395}.Release|x86.Build.0 = Release|Any CPU
		{88212870-41CD-4B26-9756-BB1A8DB78395}.Release|x86.Deploy.0 = Release|Any CPU
		{7FDEC3CC-1E7F-4FCD-BF34-A74B8B850B01}.Ad-Hoc|Any CPU.ActiveCfg = Ad-Hoc|iPhone
		{7FDEC3CC-1E7F-4FCD-BF34-A74B8B850B01}.Ad-Hoc|ARM.ActiveCfg = Ad-Hoc|iPhone
		{7FDEC3CC-1E7F-4FCD-BF34-A74B8B850B01}.Ad-Hoc|iPhone.ActiveCfg = Ad-Hoc|iPhone
		{7FDEC3CC-1E7F-4FCD-BF34-A74B8B850B01}.Ad-Hoc|iPhone.Build.0 = Ad-Hoc|iPhone
		{7FDEC3CC-1E7F-4FCD-BF34-A74B8B850B01}.Ad-Hoc|iPhoneSimulator.ActiveCfg = Ad-Hoc|iPhoneSimulator
		{7FDEC3CC-1E7F-4FCD-BF34-A74B8B850B01}.Ad-Hoc|iPhoneSimulator.Build.0 = Ad-Hoc|iPhoneSimulator
		{7FDEC3CC-1E7F-4FCD-BF34-A74B8B850B01}.Ad-Hoc|x64.ActiveCfg = Ad-Hoc|iPhone
		{7FDEC3CC-1E7F-4FCD-BF34-A74B8B850B01}.Ad-Hoc|x86.ActiveCfg = Ad-Hoc|iPhone
		{7FDEC3CC-1E7F-4FCD-BF34-A74B8B850B01}.AppStore|Any CPU.ActiveCfg = AppStore|iPhone
		{7FDEC3CC-1E7F-4FCD-BF34-A74B8B850B01}.AppStore|ARM.ActiveCfg = AppStore|iPhone
		{7FDEC3CC-1E7F-4FCD-BF34-A74B8B850B01}.AppStore|iPhone.ActiveCfg = AppStore|iPhone
		{7FDEC3CC-1E7F-4FCD-BF34-A74B8B850B01}.AppStore|iPhone.Build.0 = AppStore|iPhone
		{7FDEC3CC-1E7F-4FCD-BF34-A74B8B850B01}.AppStore|iPhoneSimulator.ActiveCfg = AppStore|iPhoneSimulator
		{7FDEC3CC-1E7F-4FCD-BF34-A74B8B850B01}.AppStore|iPhoneSimulator.Build.0 = AppStore|iPhoneSimulator
		{7FDEC3CC-1E7F-4FCD-BF34-A74B8B850B01}.AppStore|x64.ActiveCfg = AppStore|iPhone
		{7FDEC3CC-1E7F-4FCD-BF34-A74B8B850B01}.AppStore|x86.ActiveCfg = AppStore|iPhone
		{7FDEC3CC-1E7F-4FCD-BF34-A74B8B850B01}.Debug|Any CPU.ActiveCfg = Debug|iPhone
		{7FDEC3CC-1E7F-4FCD-BF34-A74B8B850B01}.Debug|ARM.ActiveCfg = Debug|iPhone
		{7FDEC3CC-1E7F-4FCD-BF34-A74B8B850B01}.Debug|iPhone.ActiveCfg = Debug|iPhone
		{7FDEC3CC-1E7F-4FCD-BF34-A74B8B850B01}.Debug|iPhone.Build.0 = Debug|iPhone
		{7FDEC3CC-1E7F-4FCD-BF34-A74B8B850B01}.Debug|iPhoneSimulator.ActiveCfg = Debug|iPhoneSimulator
		{7FDEC3CC-1E7F-4FCD-BF34-A74B8B850B01}.Debug|iPhoneSimulator.Build.0 = Debug|iPhoneSimulator
		{7FDEC3CC-1E7F-4FCD-BF34-A74B8B850B01}.Debug|x64.ActiveCfg = Debug|iPhone
		{7FDEC3CC-1E7F-4FCD-BF34-A74B8B850B01}.Debug|x86.ActiveCfg = Debug|iPhone
		{7FDEC3CC-1E7F-4FCD-BF34-A74B8B850B01}.Release|Any CPU.ActiveCfg = Release|iPhone
		{7FDEC3CC-1E7F-4FCD-BF34-A74B8B850B01}.Release|ARM.ActiveCfg = Release|iPhone
		{7FDEC3CC-1E7F-4FCD-BF34-A74B8B850B01}.Release|iPhone.ActiveCfg = Release|iPhone
		{7FDEC3CC-1E7F-4FCD-BF34-A74B8B850B01}.Release|iPhone.Build.0 = Release|iPhone
		{7FDEC3CC-1E7F-4FCD-BF34-A74B8B850B01}.Release|iPhoneSimulator.ActiveCfg = Release|iPhoneSimulator
		{7FDEC3CC-1E7F-4FCD-BF34-A74B8B850B01}.Release|iPhoneSimulator.Build.0 = Release|iPhoneSimulator
		{7FDEC3CC-1E7F-4FCD-BF34-A74B8B850B01}.Release|x64.ActiveCfg = Release|iPhone
		{7FDEC3CC-1E7F-4FCD-BF34-A74B8B850B01}.Release|x86.ActiveCfg = Release|iPhone
		{23FA6238-58FD-47FA-A193-94D748B65AC5}.Ad-Hoc|Any CPU.ActiveCfg = Release|Any CPU
		{23FA6238-58FD-47FA-A193-94D748B65AC5}.Ad-Hoc|Any CPU.Build.0 = Release|Any CPU
		{23FA6238-58FD-47FA-A193-94D748B65AC5}.Ad-Hoc|Any CPU.Deploy.0 = Release|Any CPU
		{23FA6238-58FD-47FA-A193-94D748B65AC5}.Ad-Hoc|ARM.ActiveCfg = Release|ARM
		{23FA6238-58FD-47FA-A193-94D748B65AC5}.Ad-Hoc|ARM.Build.0 = Release|ARM
		{23FA6238-58FD-47FA-A193-94D748B65AC5}.Ad-Hoc|ARM.Deploy.0 = Release|ARM
		{23FA6238-58FD-47FA-A193-94D748B65AC5}.Ad-Hoc|iPhone.ActiveCfg = Release|Any CPU
		{23FA6238-58FD-47FA-A193-94D748B65AC5}.Ad-Hoc|iPhone.Build.0 = Release|Any CPU
		{23FA6238-58FD-47FA-A193-94D748B65AC5}.Ad-Hoc|iPhone.Deploy.0 = Release|Any CPU
		{23FA6238-58FD-47FA-A193-94D748B65AC5}.Ad-Hoc|iPhoneSimulator.ActiveCfg = Release|Any CPU
		{23FA6238-58FD-47FA-A193-94D748B65AC5}.Ad-Hoc|iPhoneSimulator.Build.0 = Release|Any CPU
		{23FA6238-58FD-47FA-A193-94D748B65AC5}.Ad-Hoc|iPhoneSimulator.Deploy.0 = Release|Any CPU
		{23FA6238-58FD-47FA-A193-94D748B65AC5}.Ad-Hoc|x64.ActiveCfg = Release|Any CPU
		{23FA6238-58FD-47FA-A193-94D748B65AC5}.Ad-Hoc|x64.Build.0 = Release|Any CPU
		{23FA6238-58FD-47FA-A193-94D748B65AC5}.Ad-Hoc|x64.Deploy.0 = Release|Any CPU
		{23FA6238-58FD-47FA-A193-94D748B65AC5}.Ad-Hoc|x86.ActiveCfg = Release|x86
		{23FA6238-58FD-47FA-A193-94D748B65AC5}.Ad-Hoc|x86.Build.0 = Release|x86
		{23FA6238-58FD-47FA-A193-94D748B65AC5}.Ad-Hoc|x86.Deploy.0 = Release|x86
		{23FA6238-58FD-47FA-A193-94D748B65AC5}.AppStore|Any CPU.ActiveCfg = Release|Any CPU
		{23FA6238-58FD-47FA-A193-94D748B65AC5}.AppStore|Any CPU.Build.0 = Release|Any CPU
		{23FA6238-58FD-47FA-A193-94D748B65AC5}.AppStore|Any CPU.Deploy.0 = Release|Any CPU
		{23FA6238-58FD-47FA-A193-94D748B65AC5}.AppStore|ARM.ActiveCfg = Release|ARM
		{23FA6238-58FD-47FA-A193-94D748B65AC5}.AppStore|ARM.Build.0 = Release|ARM
		{23FA6238-58FD-47FA-A193-94D748B65AC5}.AppStore|ARM.Deploy.0 = Release|ARM
		{23FA6238-58FD-47FA-A193-94D748B65AC5}.AppStore|iPhone.ActiveCfg = Release|Any CPU
		{23FA6238-58FD-47FA-A193-94D748B65AC5}.AppStore|iPhone.Build.0 = Release|Any CPU
		{23FA6238-58FD-47FA-A193-94D748B65AC5}.AppStore|iPhone.Deploy.0 = Release|Any CPU
		{23FA6238-58FD-47FA-A193-94D748B65AC5}.AppStore|iPhoneSimulator.ActiveCfg = Release|Any CPU
		{23FA6238-58FD-47FA-A193-94D748B65AC5}.AppStore|iPhoneSimulator.Build.0 = Release|Any CPU
		{23FA6238-58FD-47FA-A193-94D748B65AC5}.AppStore|iPhoneSimulator.Deploy.0 = Release|Any CPU
		{23FA6238-58FD-47FA-A193-94D748B65AC5}.AppStore|x64.ActiveCfg = Release|Any CPU
		{23FA6238-58FD-47FA-A193-94D748B65AC5}.AppStore|x64.Build.0 = Release|Any CPU
		{23FA6238-58FD-47FA-A193-94D748B65AC5}.AppStore|x64.Deploy.0 = Release|Any CPU
		{23FA6238-58FD-47FA-A193-94D748B65AC5}.AppStore|x86.ActiveCfg = Release|x86
		{23FA6238-58FD-47FA-A193-94D748B65AC5}.AppStore|x86.Build.0 = Release|x86
		{23FA6238-58FD-47FA-A193-94D748B65AC5}.AppStore|x86.Deploy.0 = Release|x86
		{23FA6238-58FD-47FA-A193-94D748B65AC5}.Debug|Any CPU.ActiveCfg = Debug|Any CPU
		{23FA6238-58FD-47FA-A193-94D748B65AC5}.Debug|Any CPU.Build.0 = Debug|Any CPU
		{23FA6238-58FD-47FA-A193-94D748B65AC5}.Debug|Any CPU.Deploy.0 = Debug|Any CPU
		{23FA6238-58FD-47FA-A193-94D748B65AC5}.Debug|ARM.ActiveCfg = Debug|ARM
		{23FA6238-58FD-47FA-A193-94D748B65AC5}.Debug|ARM.Build.0 = Debug|ARM
		{23FA6238-58FD-47FA-A193-94D748B65AC5}.Debug|ARM.Deploy.0 = Debug|ARM
		{23FA6238-58FD-47FA-A193-94D748B65AC5}.Debug|iPhone.ActiveCfg = Debug|Any CPU
		{23FA6238-58FD-47FA-A193-94D748B65AC5}.Debug|iPhone.Build.0 = Debug|Any CPU
		{23FA6238-58FD-47FA-A193-94D748B65AC5}.Debug|iPhone.Deploy.0 = Debug|Any CPU
		{23FA6238-58FD-47FA-A193-94D748B65AC5}.Debug|iPhoneSimulator.ActiveCfg = Debug|Any CPU
		{23FA6238-58FD-47FA-A193-94D748B65AC5}.Debug|iPhoneSimulator.Build.0 = Debug|Any CPU
		{23FA6238-58FD-47FA-A193-94D748B65AC5}.Debug|iPhoneSimulator.Deploy.0 = Debug|Any CPU
		{23FA6238-58FD-47FA-A193-94D748B65AC5}.Debug|x64.ActiveCfg = Debug|Any CPU
		{23FA6238-58FD-47FA-A193-94D748B65AC5}.Debug|x64.Build.0 = Debug|Any CPU
		{23FA6238-58FD-47FA-A193-94D748B65AC5}.Debug|x64.Deploy.0 = Debug|Any CPU
		{23FA6238-58FD-47FA-A193-94D748B65AC5}.Debug|x86.ActiveCfg = Debug|x86
		{23FA6238-58FD-47FA-A193-94D748B65AC5}.Debug|x86.Build.0 = Debug|x86
		{23FA6238-58FD-47FA-A193-94D748B65AC5}.Debug|x86.Deploy.0 = Debug|x86
		{23FA6238-58FD-47FA-A193-94D748B65AC5}.Release|Any CPU.ActiveCfg = Release|Any CPU
		{23FA6238-58FD-47FA-A193-94D748B65AC5}.Release|Any CPU.Build.0 = Release|Any CPU
		{23FA6238-58FD-47FA-A193-94D748B65AC5}.Release|Any CPU.Deploy.0 = Release|Any CPU
		{23FA6238-58FD-47FA-A193-94D748B65AC5}.Release|ARM.ActiveCfg = Release|ARM
		{23FA6238-58FD-47FA-A193-94D748B65AC5}.Release|ARM.Build.0 = Release|ARM
		{23FA6238-58FD-47FA-A193-94D748B65AC5}.Release|ARM.Deploy.0 = Release|ARM
		{23FA6238-58FD-47FA-A193-94D748B65AC5}.Release|iPhone.ActiveCfg = Release|Any CPU
		{23FA6238-58FD-47FA-A193-94D748B65AC5}.Release|iPhone.Build.0 = Release|Any CPU
		{23FA6238-58FD-47FA-A193-94D748B65AC5}.Release|iPhone.Deploy.0 = Release|Any CPU
		{23FA6238-58FD-47FA-A193-94D748B65AC5}.Release|iPhoneSimulator.ActiveCfg = Release|Any CPU
		{23FA6238-58FD-47FA-A193-94D748B65AC5}.Release|iPhoneSimulator.Build.0 = Release|Any CPU
		{23FA6238-58FD-47FA-A193-94D748B65AC5}.Release|iPhoneSimulator.Deploy.0 = Release|Any CPU
		{23FA6238-58FD-47FA-A193-94D748B65AC5}.Release|x64.ActiveCfg = Release|Any CPU
		{23FA6238-58FD-47FA-A193-94D748B65AC5}.Release|x64.Build.0 = Release|Any CPU
		{23FA6238-58FD-47FA-A193-94D748B65AC5}.Release|x64.Deploy.0 = Release|Any CPU
		{23FA6238-58FD-47FA-A193-94D748B65AC5}.Release|x86.ActiveCfg = Release|x86
		{23FA6238-58FD-47FA-A193-94D748B65AC5}.Release|x86.Build.0 = Release|x86
		{23FA6238-58FD-47FA-A193-94D748B65AC5}.Release|x86.Deploy.0 = Release|x86
		{1A0C4DD1-2A2D-42B9-B528-0B040BE10D50}.Ad-Hoc|Any CPU.ActiveCfg = Release|x86
		{1A0C4DD1-2A2D-42B9-B528-0B040BE10D50}.Ad-Hoc|Any CPU.Build.0 = Release|x86
		{1A0C4DD1-2A2D-42B9-B528-0B040BE10D50}.Ad-Hoc|Any CPU.Deploy.0 = Release|x86
		{1A0C4DD1-2A2D-42B9-B528-0B040BE10D50}.Ad-Hoc|ARM.ActiveCfg = Release|ARM
		{1A0C4DD1-2A2D-42B9-B528-0B040BE10D50}.Ad-Hoc|ARM.Build.0 = Release|ARM
		{1A0C4DD1-2A2D-42B9-B528-0B040BE10D50}.Ad-Hoc|ARM.Deploy.0 = Release|ARM
		{1A0C4DD1-2A2D-42B9-B528-0B040BE10D50}.Ad-Hoc|iPhone.ActiveCfg = Release|x86
		{1A0C4DD1-2A2D-42B9-B528-0B040BE10D50}.Ad-Hoc|iPhone.Build.0 = Release|x86
		{1A0C4DD1-2A2D-42B9-B528-0B040BE10D50}.Ad-Hoc|iPhone.Deploy.0 = Release|x86
		{1A0C4DD1-2A2D-42B9-B528-0B040BE10D50}.Ad-Hoc|iPhoneSimulator.ActiveCfg = Release|x86
		{1A0C4DD1-2A2D-42B9-B528-0B040BE10D50}.Ad-Hoc|iPhoneSimulator.Build.0 = Release|x86
		{1A0C4DD1-2A2D-42B9-B528-0B040BE10D50}.Ad-Hoc|iPhoneSimulator.Deploy.0 = Release|x86
		{1A0C4DD1-2A2D-42B9-B528-0B040BE10D50}.Ad-Hoc|x64.ActiveCfg = Release|x64
		{1A0C4DD1-2A2D-42B9-B528-0B040BE10D50}.Ad-Hoc|x64.Build.0 = Release|x64
		{1A0C4DD1-2A2D-42B9-B528-0B040BE10D50}.Ad-Hoc|x64.Deploy.0 = Release|x64
		{1A0C4DD1-2A2D-42B9-B528-0B040BE10D50}.Ad-Hoc|x86.ActiveCfg = Release|x86
		{1A0C4DD1-2A2D-42B9-B528-0B040BE10D50}.Ad-Hoc|x86.Build.0 = Release|x86
		{1A0C4DD1-2A2D-42B9-B528-0B040BE10D50}.Ad-Hoc|x86.Deploy.0 = Release|x86
		{1A0C4DD1-2A2D-42B9-B528-0B040BE10D50}.AppStore|Any CPU.ActiveCfg = Release|x86
		{1A0C4DD1-2A2D-42B9-B528-0B040BE10D50}.AppStore|Any CPU.Build.0 = Release|x86
		{1A0C4DD1-2A2D-42B9-B528-0B040BE10D50}.AppStore|Any CPU.Deploy.0 = Release|x86
		{1A0C4DD1-2A2D-42B9-B528-0B040BE10D50}.AppStore|ARM.ActiveCfg = Release|ARM
		{1A0C4DD1-2A2D-42B9-B528-0B040BE10D50}.AppStore|ARM.Build.0 = Release|ARM
		{1A0C4DD1-2A2D-42B9-B528-0B040BE10D50}.AppStore|ARM.Deploy.0 = Release|ARM
		{1A0C4DD1-2A2D-42B9-B528-0B040BE10D50}.AppStore|iPhone.ActiveCfg = Release|x86
		{1A0C4DD1-2A2D-42B9-B528-0B040BE10D50}.AppStore|iPhone.Build.0 = Release|x86
		{1A0C4DD1-2A2D-42B9-B528-0B040BE10D50}.AppStore|iPhone.Deploy.0 = Release|x86
		{1A0C4DD1-2A2D-42B9-B528-0B040BE10D50}.AppStore|iPhoneSimulator.ActiveCfg = Release|x86
		{1A0C4DD1-2A2D-42B9-B528-0B040BE10D50}.AppStore|iPhoneSimulator.Build.0 = Release|x86
		{1A0C4DD1-2A2D-42B9-B528-0B040BE10D50}.AppStore|iPhoneSimulator.Deploy.0 = Release|x86
		{1A0C4DD1-2A2D-42B9-B528-0B040BE10D50}.AppStore|x64.ActiveCfg = Release|x64
		{1A0C4DD1-2A2D-42B9-B528-0B040BE10D50}.AppStore|x64.Build.0 = Release|x64
		{1A0C4DD1-2A2D-42B9-B528-0B040BE10D50}.AppStore|x64.Deploy.0 = Release|x64
		{1A0C4DD1-2A2D-42B9-B528-0B040BE10D50}.AppStore|x86.ActiveCfg = Release|x86
		{1A0C4DD1-2A2D-42B9-B528-0B040BE10D50}.AppStore|x86.Build.0 = Release|x86
		{1A0C4DD1-2A2D-42B9-B528-0B040BE10D50}.AppStore|x86.Deploy.0 = Release|x86
		{1A0C4DD1-2A2D-42B9-B528-0B040BE10D50}.Debug|Any CPU.ActiveCfg = Debug|x86
		{1A0C4DD1-2A2D-42B9-B528-0B040BE10D50}.Debug|ARM.ActiveCfg = Debug|ARM
		{1A0C4DD1-2A2D-42B9-B528-0B040BE10D50}.Debug|ARM.Build.0 = Debug|ARM
		{1A0C4DD1-2A2D-42B9-B528-0B040BE10D50}.Debug|ARM.Deploy.0 = Debug|ARM
		{1A0C4DD1-2A2D-42B9-B528-0B040BE10D50}.Debug|iPhone.ActiveCfg = Debug|x86
		{1A0C4DD1-2A2D-42B9-B528-0B040BE10D50}.Debug|iPhoneSimulator.ActiveCfg = Debug|x86
		{1A0C4DD1-2A2D-42B9-B528-0B040BE10D50}.Debug|x64.ActiveCfg = Debug|x64
		{1A0C4DD1-2A2D-42B9-B528-0B040BE10D50}.Debug|x64.Build.0 = Debug|x64
		{1A0C4DD1-2A2D-42B9-B528-0B040BE10D50}.Debug|x64.Deploy.0 = Debug|x64
		{1A0C4DD1-2A2D-42B9-B528-0B040BE10D50}.Debug|x86.ActiveCfg = Debug|x86
		{1A0C4DD1-2A2D-42B9-B528-0B040BE10D50}.Debug|x86.Build.0 = Debug|x86
		{1A0C4DD1-2A2D-42B9-B528-0B040BE10D50}.Debug|x86.Deploy.0 = Debug|x86
		{1A0C4DD1-2A2D-42B9-B528-0B040BE10D50}.Release|Any CPU.ActiveCfg = Release|x86
		{1A0C4DD1-2A2D-42B9-B528-0B040BE10D50}.Release|ARM.ActiveCfg = Release|ARM
		{1A0C4DD1-2A2D-42B9-B528-0B040BE10D50}.Release|ARM.Build.0 = Release|ARM
		{1A0C4DD1-2A2D-42B9-B528-0B040BE10D50}.Release|ARM.Deploy.0 = Release|ARM
		{1A0C4DD1-2A2D-42B9-B528-0B040BE10D50}.Release|iPhone.ActiveCfg = Release|x86
		{1A0C4DD1-2A2D-42B9-B528-0B040BE10D50}.Release|iPhoneSimulator.ActiveCfg = Release|x86
		{1A0C4DD1-2A2D-42B9-B528-0B040BE10D50}.Release|x64.ActiveCfg = Release|x64
		{1A0C4DD1-2A2D-42B9-B528-0B040BE10D50}.Release|x64.Build.0 = Release|x64
		{1A0C4DD1-2A2D-42B9-B528-0B040BE10D50}.Release|x64.Deploy.0 = Release|x64
		{1A0C4DD1-2A2D-42B9-B528-0B040BE10D50}.Release|x86.ActiveCfg = Release|x86
		{1A0C4DD1-2A2D-42B9-B528-0B040BE10D50}.Release|x86.Build.0 = Release|x86
		{1A0C4DD1-2A2D-42B9-B528-0B040BE10D50}.Release|x86.Deploy.0 = Release|x86
		{96EDB94A-3442-4981-B556-EFCDAF1C6F48}.Ad-Hoc|Any CPU.ActiveCfg = Release|Any CPU
		{96EDB94A-3442-4981-B556-EFCDAF1C6F48}.Ad-Hoc|Any CPU.Build.0 = Release|Any CPU
		{96EDB94A-3442-4981-B556-EFCDAF1C6F48}.Ad-Hoc|Any CPU.Deploy.0 = Release|Any CPU
		{96EDB94A-3442-4981-B556-EFCDAF1C6F48}.Ad-Hoc|ARM.ActiveCfg = Release|ARM
		{96EDB94A-3442-4981-B556-EFCDAF1C6F48}.Ad-Hoc|ARM.Build.0 = Release|ARM
		{96EDB94A-3442-4981-B556-EFCDAF1C6F48}.Ad-Hoc|ARM.Deploy.0 = Release|ARM
		{96EDB94A-3442-4981-B556-EFCDAF1C6F48}.Ad-Hoc|iPhone.ActiveCfg = Release|Any CPU
		{96EDB94A-3442-4981-B556-EFCDAF1C6F48}.Ad-Hoc|iPhone.Build.0 = Release|Any CPU
		{96EDB94A-3442-4981-B556-EFCDAF1C6F48}.Ad-Hoc|iPhone.Deploy.0 = Release|Any CPU
		{96EDB94A-3442-4981-B556-EFCDAF1C6F48}.Ad-Hoc|iPhoneSimulator.ActiveCfg = Release|Any CPU
		{96EDB94A-3442-4981-B556-EFCDAF1C6F48}.Ad-Hoc|iPhoneSimulator.Build.0 = Release|Any CPU
		{96EDB94A-3442-4981-B556-EFCDAF1C6F48}.Ad-Hoc|iPhoneSimulator.Deploy.0 = Release|Any CPU
		{96EDB94A-3442-4981-B556-EFCDAF1C6F48}.Ad-Hoc|x64.ActiveCfg = Release|x64
		{96EDB94A-3442-4981-B556-EFCDAF1C6F48}.Ad-Hoc|x64.Build.0 = Release|x64
		{96EDB94A-3442-4981-B556-EFCDAF1C6F48}.Ad-Hoc|x64.Deploy.0 = Release|x64
		{96EDB94A-3442-4981-B556-EFCDAF1C6F48}.Ad-Hoc|x86.ActiveCfg = Release|x86
		{96EDB94A-3442-4981-B556-EFCDAF1C6F48}.Ad-Hoc|x86.Build.0 = Release|x86
		{96EDB94A-3442-4981-B556-EFCDAF1C6F48}.Ad-Hoc|x86.Deploy.0 = Release|x86
		{96EDB94A-3442-4981-B556-EFCDAF1C6F48}.AppStore|Any CPU.ActiveCfg = Release|Any CPU
		{96EDB94A-3442-4981-B556-EFCDAF1C6F48}.AppStore|Any CPU.Build.0 = Release|Any CPU
		{96EDB94A-3442-4981-B556-EFCDAF1C6F48}.AppStore|Any CPU.Deploy.0 = Release|Any CPU
		{96EDB94A-3442-4981-B556-EFCDAF1C6F48}.AppStore|ARM.ActiveCfg = Release|ARM
		{96EDB94A-3442-4981-B556-EFCDAF1C6F48}.AppStore|ARM.Build.0 = Release|ARM
		{96EDB94A-3442-4981-B556-EFCDAF1C6F48}.AppStore|ARM.Deploy.0 = Release|ARM
		{96EDB94A-3442-4981-B556-EFCDAF1C6F48}.AppStore|iPhone.ActiveCfg = Release|Any CPU
		{96EDB94A-3442-4981-B556-EFCDAF1C6F48}.AppStore|iPhone.Build.0 = Release|Any CPU
		{96EDB94A-3442-4981-B556-EFCDAF1C6F48}.AppStore|iPhone.Deploy.0 = Release|Any CPU
		{96EDB94A-3442-4981-B556-EFCDAF1C6F48}.AppStore|iPhoneSimulator.ActiveCfg = Release|Any CPU
		{96EDB94A-3442-4981-B556-EFCDAF1C6F48}.AppStore|iPhoneSimulator.Build.0 = Release|Any CPU
		{96EDB94A-3442-4981-B556-EFCDAF1C6F48}.AppStore|iPhoneSimulator.Deploy.0 = Release|Any CPU
		{96EDB94A-3442-4981-B556-EFCDAF1C6F48}.AppStore|x64.ActiveCfg = Release|x64
		{96EDB94A-3442-4981-B556-EFCDAF1C6F48}.AppStore|x64.Build.0 = Release|x64
		{96EDB94A-3442-4981-B556-EFCDAF1C6F48}.AppStore|x64.Deploy.0 = Release|x64
		{96EDB94A-3442-4981-B556-EFCDAF1C6F48}.AppStore|x86.ActiveCfg = Release|x86
		{96EDB94A-3442-4981-B556-EFCDAF1C6F48}.AppStore|x86.Build.0 = Release|x86
		{96EDB94A-3442-4981-B556-EFCDAF1C6F48}.AppStore|x86.Deploy.0 = Release|x86
		{96EDB94A-3442-4981-B556-EFCDAF1C6F48}.Debug|Any CPU.ActiveCfg = Debug|Any CPU
		{96EDB94A-3442-4981-B556-EFCDAF1C6F48}.Debug|Any CPU.Build.0 = Debug|Any CPU
		{96EDB94A-3442-4981-B556-EFCDAF1C6F48}.Debug|Any CPU.Deploy.0 = Debug|Any CPU
		{96EDB94A-3442-4981-B556-EFCDAF1C6F48}.Debug|ARM.ActiveCfg = Debug|ARM
		{96EDB94A-3442-4981-B556-EFCDAF1C6F48}.Debug|ARM.Build.0 = Debug|ARM
		{96EDB94A-3442-4981-B556-EFCDAF1C6F48}.Debug|ARM.Deploy.0 = Debug|ARM
		{96EDB94A-3442-4981-B556-EFCDAF1C6F48}.Debug|iPhone.ActiveCfg = Debug|Any CPU
		{96EDB94A-3442-4981-B556-EFCDAF1C6F48}.Debug|iPhone.Build.0 = Debug|Any CPU
		{96EDB94A-3442-4981-B556-EFCDAF1C6F48}.Debug|iPhone.Deploy.0 = Debug|Any CPU
		{96EDB94A-3442-4981-B556-EFCDAF1C6F48}.Debug|iPhoneSimulator.ActiveCfg = Debug|Any CPU
		{96EDB94A-3442-4981-B556-EFCDAF1C6F48}.Debug|iPhoneSimulator.Build.0 = Debug|Any CPU
		{96EDB94A-3442-4981-B556-EFCDAF1C6F48}.Debug|iPhoneSimulator.Deploy.0 = Debug|Any CPU
		{96EDB94A-3442-4981-B556-EFCDAF1C6F48}.Debug|x64.ActiveCfg = Debug|x64
		{96EDB94A-3442-4981-B556-EFCDAF1C6F48}.Debug|x64.Build.0 = Debug|x64
		{96EDB94A-3442-4981-B556-EFCDAF1C6F48}.Debug|x64.Deploy.0 = Debug|x64
		{96EDB94A-3442-4981-B556-EFCDAF1C6F48}.Debug|x86.ActiveCfg = Debug|x86
		{96EDB94A-3442-4981-B556-EFCDAF1C6F48}.Debug|x86.Build.0 = Debug|x86
		{96EDB94A-3442-4981-B556-EFCDAF1C6F48}.Debug|x86.Deploy.0 = Debug|x86
		{96EDB94A-3442-4981-B556-EFCDAF1C6F48}.Release|Any CPU.ActiveCfg = Release|Any CPU
		{96EDB94A-3442-4981-B556-EFCDAF1C6F48}.Release|Any CPU.Build.0 = Release|Any CPU
		{96EDB94A-3442-4981-B556-EFCDAF1C6F48}.Release|Any CPU.Deploy.0 = Release|Any CPU
		{96EDB94A-3442-4981-B556-EFCDAF1C6F48}.Release|ARM.ActiveCfg = Release|ARM
		{96EDB94A-3442-4981-B556-EFCDAF1C6F48}.Release|ARM.Build.0 = Release|ARM
		{96EDB94A-3442-4981-B556-EFCDAF1C6F48}.Release|ARM.Deploy.0 = Release|ARM
		{96EDB94A-3442-4981-B556-EFCDAF1C6F48}.Release|iPhone.ActiveCfg = Release|Any CPU
		{96EDB94A-3442-4981-B556-EFCDAF1C6F48}.Release|iPhone.Build.0 = Release|Any CPU
		{96EDB94A-3442-4981-B556-EFCDAF1C6F48}.Release|iPhone.Deploy.0 = Release|Any CPU
		{96EDB94A-3442-4981-B556-EFCDAF1C6F48}.Release|iPhoneSimulator.ActiveCfg = Release|Any CPU
		{96EDB94A-3442-4981-B556-EFCDAF1C6F48}.Release|iPhoneSimulator.Build.0 = Release|Any CPU
		{96EDB94A-3442-4981-B556-EFCDAF1C6F48}.Release|iPhoneSimulator.Deploy.0 = Release|Any CPU
		{96EDB94A-3442-4981-B556-EFCDAF1C6F48}.Release|x64.ActiveCfg = Release|x64
		{96EDB94A-3442-4981-B556-EFCDAF1C6F48}.Release|x64.Build.0 = Release|x64
		{96EDB94A-3442-4981-B556-EFCDAF1C6F48}.Release|x64.Deploy.0 = Release|x64
		{96EDB94A-3442-4981-B556-EFCDAF1C6F48}.Release|x86.ActiveCfg = Release|x86
		{96EDB94A-3442-4981-B556-EFCDAF1C6F48}.Release|x86.Build.0 = Release|x86
		{96EDB94A-3442-4981-B556-EFCDAF1C6F48}.Release|x86.Deploy.0 = Release|x86
		{918166B5-613C-4532-BC05-B1A69B414248}.Ad-Hoc|Any CPU.ActiveCfg = Release|Any CPU
		{918166B5-613C-4532-BC05-B1A69B414248}.Ad-Hoc|Any CPU.Build.0 = Release|Any CPU
		{918166B5-613C-4532-BC05-B1A69B414248}.Ad-Hoc|ARM.ActiveCfg = Release|Any CPU
		{918166B5-613C-4532-BC05-B1A69B414248}.Ad-Hoc|ARM.Build.0 = Release|Any CPU
		{918166B5-613C-4532-BC05-B1A69B414248}.Ad-Hoc|iPhone.ActiveCfg = Release|Any CPU
		{918166B5-613C-4532-BC05-B1A69B414248}.Ad-Hoc|iPhone.Build.0 = Release|Any CPU
		{918166B5-613C-4532-BC05-B1A69B414248}.Ad-Hoc|iPhoneSimulator.ActiveCfg = Release|Any CPU
		{918166B5-613C-4532-BC05-B1A69B414248}.Ad-Hoc|iPhoneSimulator.Build.0 = Release|Any CPU
		{918166B5-613C-4532-BC05-B1A69B414248}.Ad-Hoc|x64.ActiveCfg = Release|Any CPU
		{918166B5-613C-4532-BC05-B1A69B414248}.Ad-Hoc|x64.Build.0 = Release|Any CPU
		{918166B5-613C-4532-BC05-B1A69B414248}.Ad-Hoc|x86.ActiveCfg = Release|Any CPU
		{918166B5-613C-4532-BC05-B1A69B414248}.Ad-Hoc|x86.Build.0 = Release|Any CPU
		{918166B5-613C-4532-BC05-B1A69B414248}.AppStore|Any CPU.ActiveCfg = Release|Any CPU
		{918166B5-613C-4532-BC05-B1A69B414248}.AppStore|Any CPU.Build.0 = Release|Any CPU
		{918166B5-613C-4532-BC05-B1A69B414248}.AppStore|ARM.ActiveCfg = Release|Any CPU
		{918166B5-613C-4532-BC05-B1A69B414248}.AppStore|ARM.Build.0 = Release|Any CPU
		{918166B5-613C-4532-BC05-B1A69B414248}.AppStore|iPhone.ActiveCfg = Release|Any CPU
		{918166B5-613C-4532-BC05-B1A69B414248}.AppStore|iPhone.Build.0 = Release|Any CPU
		{918166B5-613C-4532-BC05-B1A69B414248}.AppStore|iPhoneSimulator.ActiveCfg = Release|Any CPU
		{918166B5-613C-4532-BC05-B1A69B414248}.AppStore|iPhoneSimulator.Build.0 = Release|Any CPU
		{918166B5-613C-4532-BC05-B1A69B414248}.AppStore|x64.ActiveCfg = Release|Any CPU
		{918166B5-613C-4532-BC05-B1A69B414248}.AppStore|x64.Build.0 = Release|Any CPU
		{918166B5-613C-4532-BC05-B1A69B414248}.AppStore|x86.ActiveCfg = Release|Any CPU
		{918166B5-613C-4532-BC05-B1A69B414248}.AppStore|x86.Build.0 = Release|Any CPU
		{918166B5-613C-4532-BC05-B1A69B414248}.Debug|Any CPU.ActiveCfg = Debug|Any CPU
		{918166B5-613C-4532-BC05-B1A69B414248}.Debug|Any CPU.Build.0 = Debug|Any CPU
		{918166B5-613C-4532-BC05-B1A69B414248}.Debug|ARM.ActiveCfg = Debug|Any CPU
		{918166B5-613C-4532-BC05-B1A69B414248}.Debug|ARM.Build.0 = Debug|Any CPU
		{918166B5-613C-4532-BC05-B1A69B414248}.Debug|iPhone.ActiveCfg = Debug|Any CPU
		{918166B5-613C-4532-BC05-B1A69B414248}.Debug|iPhone.Build.0 = Debug|Any CPU
		{918166B5-613C-4532-BC05-B1A69B414248}.Debug|iPhoneSimulator.ActiveCfg = Debug|Any CPU
		{918166B5-613C-4532-BC05-B1A69B414248}.Debug|iPhoneSimulator.Build.0 = Debug|Any CPU
		{918166B5-613C-4532-BC05-B1A69B414248}.Debug|x64.ActiveCfg = Debug|Any CPU
		{918166B5-613C-4532-BC05-B1A69B414248}.Debug|x64.Build.0 = Debug|Any CPU
		{918166B5-613C-4532-BC05-B1A69B414248}.Debug|x86.ActiveCfg = Debug|Any CPU
		{918166B5-613C-4532-BC05-B1A69B414248}.Debug|x86.Build.0 = Debug|Any CPU
		{918166B5-613C-4532-BC05-B1A69B414248}.Release|Any CPU.ActiveCfg = Release|Any CPU
		{918166B5-613C-4532-BC05-B1A69B414248}.Release|Any CPU.Build.0 = Release|Any CPU
		{918166B5-613C-4532-BC05-B1A69B414248}.Release|ARM.ActiveCfg = Release|Any CPU
		{918166B5-613C-4532-BC05-B1A69B414248}.Release|ARM.Build.0 = Release|Any CPU
		{918166B5-613C-4532-BC05-B1A69B414248}.Release|iPhone.ActiveCfg = Release|Any CPU
		{918166B5-613C-4532-BC05-B1A69B414248}.Release|iPhone.Build.0 = Release|Any CPU
		{918166B5-613C-4532-BC05-B1A69B414248}.Release|iPhoneSimulator.ActiveCfg = Release|Any CPU
		{918166B5-613C-4532-BC05-B1A69B414248}.Release|iPhoneSimulator.Build.0 = Release|Any CPU
		{918166B5-613C-4532-BC05-B1A69B414248}.Release|x64.ActiveCfg = Release|Any CPU
		{918166B5-613C-4532-BC05-B1A69B414248}.Release|x64.Build.0 = Release|Any CPU
		{918166B5-613C-4532-BC05-B1A69B414248}.Release|x86.ActiveCfg = Release|Any CPU
		{918166B5-613C-4532-BC05-B1A69B414248}.Release|x86.Build.0 = Release|Any CPU
	EndGlobalSection
	GlobalSection(SolutionProperties) = preSolution
		HideSolutionNode = FALSE
	EndGlobalSection
EndGlobal
